
Microsoft Visual Studio Solution File, Format Version 12.00
# Visual Studio Version 16
VisualStudioVersion = 16.0.29215.179
MinimumVisualStudioVersion = 10.0.40219.1
Project("{FAE04EC0-301F-11D3-BF4B-00C04F79EFBC}") = "AlbumMan", "AlbumMan\AlbumMan.csproj", "{429526FF-F8D1-4638-9A66-7D55B8FE0244}"
EndProject
Global
	GlobalSection(SolutionConfigurationPlatforms) = preSolution
		Debug|Any CPU = Debug|Any CPU
		Release|Any CPU = Release|Any CPU
	EndGlobalSection
	GlobalSection(ProjectConfigurationPlatforms) = postSolution
		{429526FF-F8D1-4638-9A66-7D55B8FE0244}.Debug|Any CPU.ActiveCfg = Debug|Any CPU
		{429526FF-F8D1-4638-9A66-7D55B8FE0244}.Debug|Any CPU.Build.0 = Debug|Any CPU
		{429526FF-F8D1-4638-9A66-7D55B8FE0244}.Release|Any CPU.ActiveCfg = Release|Any CPU
		{429526FF-F8D1-4638-9A66-7D55B8FE0244}.Release|Any CPU.Build.0 = Release|Any CPU
	EndGlobalSection
	GlobalSection(SolutionProperties) = preSolution
		HideSolutionNode = FALSE
	EndGlobalSection
	GlobalSection(ExtensibilityGlobals) = postSolution
		SolutionGuid = {7ED4CF02-FCE7-4A2C-9719-3E252796A76A}
	EndGlobalSection
EndGlobal
